
Microsoft Visual Studio Solution File, Format Version 12.00
# Visual Studio Version 17
VisualStudioVersion = 17.3.32819.101
MinimumVisualStudioVersion = 10.0.40219.1
Project("{FAE04EC0-301F-11D3-BF4B-00C04F79EFBC}") = "VariablesAndExpressions", "VariablesAndExpressions.csproj", "{BB71150B-00C8-46E4-A108-0586DC16866B}"
EndProject
Global
	GlobalSection(SolutionConfigurationPlatforms) = preSolution
		Debug|Any CPU = Debug|Any CPU
		Release|Any CPU = Release|Any CPU
	EndGlobalSection
	GlobalSection(ProjectConfigurationPlatforms) = postSolution
		{BB71150B-00C8-46E4-A108-0586DC16866B}.Debug|Any CPU.ActiveCfg = Debug|Any CPU
		{BB71150B-00C8-46E4-A108-0586DC16866B}.Debug|Any CPU.Build.0 = Debug|Any CPU
		{BB71150B-00C8-46E4-A108-0586DC16866B}.Release|Any CPU.ActiveCfg = Release|Any CPU
		{BB71150B-00C8-46E4-A108-0586DC16866B}.Release|Any CPU.Build.0 = Release|Any CPU
	EndGlobalSection
	GlobalSection(SolutionProperties) = preSolution
		HideSolutionNode = FALSE
	EndGlobalSection
	GlobalSection(ExtensibilityGlobals) = postSolution
		SolutionGuid = {308780A0-7ECC-4206-B808-26E1C915A035}
	EndGlobalSection
EndGlobal
