
Microsoft Visual Studio Solution File, Format Version 12.00
# Visual Studio Version 17
VisualStudioVersion = 17.3.32819.101
MinimumVisualStudioVersion = 10.0.40219.1
Project("{FAE04EC0-301F-11D3-BF4B-00C04F79EFBC}") = "GithubFirstCommit", "GithubFirstCommit\GithubFirstCommit.csproj", "{7B8A87B8-C3FA-4A63-A3B1-44FA38F0F085}"
EndProject
Global
	GlobalSection(SolutionConfigurationPlatforms) = preSolution
		Debug|Any CPU = Debug|Any CPU
		Release|Any CPU = Release|Any CPU
	EndGlobalSection
	GlobalSection(ProjectConfigurationPlatforms) = postSolution
		{7B8A87B8-C3FA-4A63-A3B1-44FA38F0F085}.Debug|Any CPU.ActiveCfg = Debug|Any CPU
		{7B8A87B8-C3FA-4A63-A3B1-44FA38F0F085}.Debug|Any CPU.Build.0 = Debug|Any CPU
		{7B8A87B8-C3FA-4A63-A3B1-44FA38F0F085}.Release|Any CPU.ActiveCfg = Release|Any CPU
		{7B8A87B8-C3FA-4A63-A3B1-44FA38F0F085}.Release|Any CPU.Build.0 = Release|Any CPU
	EndGlobalSection
	GlobalSection(SolutionProperties) = preSolution
		HideSolutionNode = FALSE
	EndGlobalSection
	GlobalSection(ExtensibilityGlobals) = postSolution
		SolutionGuid = {CD5A3CC5-CF84-4217-9212-3AC9EB1AF9BA}
	EndGlobalSection
EndGlobal
