
Microsoft Visual Studio Solution File, Format Version 12.00
# Visual Studio Version 17
VisualStudioVersion = 17.3.32929.385
MinimumVisualStudioVersion = 10.0.40219.1
Project("{FAE04EC0-301F-11D3-BF4B-00C04F79EFBC}") = "q14", "q14.csproj", "{9AFA4E13-1AD5-4474-B3FD-18146F5CD9B5}"
EndProject
Global
	GlobalSection(SolutionConfigurationPlatforms) = preSolution
		Debug|Any CPU = Debug|Any CPU
		Release|Any CPU = Release|Any CPU
	EndGlobalSection
	GlobalSection(ProjectConfigurationPlatforms) = postSolution
		{9AFA4E13-1AD5-4474-B3FD-18146F5CD9B5}.Debug|Any CPU.ActiveCfg = Debug|Any CPU
		{9AFA4E13-1AD5-4474-B3FD-18146F5CD9B5}.Debug|Any CPU.Build.0 = Debug|Any CPU
		{9AFA4E13-1AD5-4474-B3FD-18146F5CD9B5}.Release|Any CPU.ActiveCfg = Release|Any CPU
		{9AFA4E13-1AD5-4474-B3FD-18146F5CD9B5}.Release|Any CPU.Build.0 = Release|Any CPU
	EndGlobalSection
	GlobalSection(SolutionProperties) = preSolution
		HideSolutionNode = FALSE
	EndGlobalSection
	GlobalSection(ExtensibilityGlobals) = postSolution
		SolutionGuid = {3884E87D-D21F-4C4C-8BDE-CB8F6C0412D2}
	EndGlobalSection
EndGlobal
