
Microsoft Visual Studio Solution File, Format Version 12.00
# Visual Studio Version 17
VisualStudioVersion = 17.3.32929.385
MinimumVisualStudioVersion = 10.0.40219.1
Project("{FAE04EC0-301F-11D3-BF4B-00C04F79EFBC}") = "DelegateFunction", "DelegateFunction.csproj", "{F6B84204-3BEF-4F17-818F-482E3912A8A3}"
EndProject
Global
	GlobalSection(SolutionConfigurationPlatforms) = preSolution
		Debug|Any CPU = Debug|Any CPU
		Release|Any CPU = Release|Any CPU
	EndGlobalSection
	GlobalSection(ProjectConfigurationPlatforms) = postSolution
		{F6B84204-3BEF-4F17-818F-482E3912A8A3}.Debug|Any CPU.ActiveCfg = Debug|Any CPU
		{F6B84204-3BEF-4F17-818F-482E3912A8A3}.Debug|Any CPU.Build.0 = Debug|Any CPU
		{F6B84204-3BEF-4F17-818F-482E3912A8A3}.Release|Any CPU.ActiveCfg = Release|Any CPU
		{F6B84204-3BEF-4F17-818F-482E3912A8A3}.Release|Any CPU.Build.0 = Release|Any CPU
	EndGlobalSection
	GlobalSection(SolutionProperties) = preSolution
		HideSolutionNode = FALSE
	EndGlobalSection
	GlobalSection(ExtensibilityGlobals) = postSolution
		SolutionGuid = {25B43DE0-CCBC-4F1A-B1F1-D8C734F4E67E}
	EndGlobalSection
EndGlobal
