
Microsoft Visual Studio Solution File, Format Version 12.00
# Visual Studio Version 17
VisualStudioVersion = 17.3.32929.385
MinimumVisualStudioVersion = 10.0.40219.1
Project("{FAE04EC0-301F-11D3-BF4B-00C04F79EFBC}") = "MathQuizTimed", "MathQuizTimed.csproj", "{307FD9E0-71A1-4416-A0D6-991C34EC2B0F}"
EndProject
Global
	GlobalSection(SolutionConfigurationPlatforms) = preSolution
		Debug|Any CPU = Debug|Any CPU
		Release|Any CPU = Release|Any CPU
	EndGlobalSection
	GlobalSection(ProjectConfigurationPlatforms) = postSolution
		{307FD9E0-71A1-4416-A0D6-991C34EC2B0F}.Debug|Any CPU.ActiveCfg = Debug|Any CPU
		{307FD9E0-71A1-4416-A0D6-991C34EC2B0F}.Debug|Any CPU.Build.0 = Debug|Any CPU
		{307FD9E0-71A1-4416-A0D6-991C34EC2B0F}.Release|Any CPU.ActiveCfg = Release|Any CPU
		{307FD9E0-71A1-4416-A0D6-991C34EC2B0F}.Release|Any CPU.Build.0 = Release|Any CPU
	EndGlobalSection
	GlobalSection(SolutionProperties) = preSolution
		HideSolutionNode = FALSE
	EndGlobalSection
	GlobalSection(ExtensibilityGlobals) = postSolution
		SolutionGuid = {5F9F3887-BC48-4F75-8F47-6D5E9E77213E}
	EndGlobalSection
EndGlobal
