
Microsoft Visual Studio Solution File, Format Version 12.00
# Visual Studio Version 17
VisualStudioVersion = 17.3.32929.385
MinimumVisualStudioVersion = 10.0.40219.1
Project("{FAE04EC0-301F-11D3-BF4B-00C04F79EFBC}") = "pe9", "pe9.csproj", "{A897D344-ACF7-43EB-9114-C47BA9BD9A4A}"
EndProject
Global
	GlobalSection(SolutionConfigurationPlatforms) = preSolution
		Debug|Any CPU = Debug|Any CPU
		Release|Any CPU = Release|Any CPU
	EndGlobalSection
	GlobalSection(ProjectConfigurationPlatforms) = postSolution
		{A897D344-ACF7-43EB-9114-C47BA9BD9A4A}.Debug|Any CPU.ActiveCfg = Debug|Any CPU
		{A897D344-ACF7-43EB-9114-C47BA9BD9A4A}.Debug|Any CPU.Build.0 = Debug|Any CPU
		{A897D344-ACF7-43EB-9114-C47BA9BD9A4A}.Release|Any CPU.ActiveCfg = Release|Any CPU
		{A897D344-ACF7-43EB-9114-C47BA9BD9A4A}.Release|Any CPU.Build.0 = Release|Any CPU
	EndGlobalSection
	GlobalSection(SolutionProperties) = preSolution
		HideSolutionNode = FALSE
	EndGlobalSection
	GlobalSection(ExtensibilityGlobals) = postSolution
		SolutionGuid = {02FB2165-BFC5-4887-B426-21B919973466}
	EndGlobalSection
EndGlobal
