
Microsoft Visual Studio Solution File, Format Version 12.00
# Visual Studio Version 17
VisualStudioVersion = 17.3.32929.385
MinimumVisualStudioVersion = 10.0.40219.1
Project("{FAE04EC0-301F-11D3-BF4B-00C04F79EFBC}") = "PresidentsApp", "PresidentsApp.csproj", "{42CE86D0-E96C-47BE-A459-6DFD63657704}"
EndProject
Global
	GlobalSection(SolutionConfigurationPlatforms) = preSolution
		Debug|Any CPU = Debug|Any CPU
		Release|Any CPU = Release|Any CPU
	EndGlobalSection
	GlobalSection(ProjectConfigurationPlatforms) = postSolution
		{42CE86D0-E96C-47BE-A459-6DFD63657704}.Debug|Any CPU.ActiveCfg = Debug|Any CPU
		{42CE86D0-E96C-47BE-A459-6DFD63657704}.Debug|Any CPU.Build.0 = Debug|Any CPU
		{42CE86D0-E96C-47BE-A459-6DFD63657704}.Release|Any CPU.ActiveCfg = Release|Any CPU
		{42CE86D0-E96C-47BE-A459-6DFD63657704}.Release|Any CPU.Build.0 = Release|Any CPU
	EndGlobalSection
	GlobalSection(SolutionProperties) = preSolution
		HideSolutionNode = FALSE
	EndGlobalSection
	GlobalSection(ExtensibilityGlobals) = postSolution
		SolutionGuid = {5EC735D9-84CB-4831-80FA-1A427830619B}
	EndGlobalSection
EndGlobal
