
Microsoft Visual Studio Solution File, Format Version 12.00
# Visual Studio Version 17
VisualStudioVersion = 17.3.32819.101
MinimumVisualStudioVersion = 10.0.40219.1
Project("{FAE04EC0-301F-11D3-BF4B-00C04F79EFBC}") = "MyDerivedClass", "MyDerivedClass.csproj", "{F440E585-5BA9-4DA5-833C-67CDBC275D19}"
EndProject
Global
	GlobalSection(SolutionConfigurationPlatforms) = preSolution
		Debug|Any CPU = Debug|Any CPU
		Release|Any CPU = Release|Any CPU
	EndGlobalSection
	GlobalSection(ProjectConfigurationPlatforms) = postSolution
		{F440E585-5BA9-4DA5-833C-67CDBC275D19}.Debug|Any CPU.ActiveCfg = Debug|Any CPU
		{F440E585-5BA9-4DA5-833C-67CDBC275D19}.Debug|Any CPU.Build.0 = Debug|Any CPU
		{F440E585-5BA9-4DA5-833C-67CDBC275D19}.Release|Any CPU.ActiveCfg = Release|Any CPU
		{F440E585-5BA9-4DA5-833C-67CDBC275D19}.Release|Any CPU.Build.0 = Release|Any CPU
	EndGlobalSection
	GlobalSection(SolutionProperties) = preSolution
		HideSolutionNode = FALSE
	EndGlobalSection
	GlobalSection(ExtensibilityGlobals) = postSolution
		SolutionGuid = {191C652B-2DC7-4E9F-A3EB-EFF5614245B0}
	EndGlobalSection
EndGlobal
