
Microsoft Visual Studio Solution File, Format Version 12.00
# Visual Studio Version 17
VisualStudioVersion = 17.3.32929.385
MinimumVisualStudioVersion = 10.0.40219.1
Project("{FAE04EC0-301F-11D3-BF4B-00C04F79EFBC}") = "BestGuiEver", "BestGuiEver.csproj", "{EEFC6795-2166-4310-BC6D-234803D23106}"
EndProject
Global
	GlobalSection(SolutionConfigurationPlatforms) = preSolution
		Debug|Any CPU = Debug|Any CPU
		Release|Any CPU = Release|Any CPU
	EndGlobalSection
	GlobalSection(ProjectConfigurationPlatforms) = postSolution
		{EEFC6795-2166-4310-BC6D-234803D23106}.Debug|Any CPU.ActiveCfg = Debug|Any CPU
		{EEFC6795-2166-4310-BC6D-234803D23106}.Debug|Any CPU.Build.0 = Debug|Any CPU
		{EEFC6795-2166-4310-BC6D-234803D23106}.Release|Any CPU.ActiveCfg = Release|Any CPU
		{EEFC6795-2166-4310-BC6D-234803D23106}.Release|Any CPU.Build.0 = Release|Any CPU
	EndGlobalSection
	GlobalSection(SolutionProperties) = preSolution
		HideSolutionNode = FALSE
	EndGlobalSection
	GlobalSection(ExtensibilityGlobals) = postSolution
		SolutionGuid = {DF00B9CF-0905-4E0A-ABF4-0123AFFC5EB7}
	EndGlobalSection
EndGlobal
